
Microsoft Visual Studio Solution File, Format Version 12.00
# Visual Studio Version 17
VisualStudioVersion = 17.1.32407.343
MinimumVisualStudioVersion = 10.0.40219.1
Project("{FAE04EC0-301F-11D3-BF4B-00C04F79EFBC}") = "WinFormAnketTask", "WinFormAnketTask\WinFormAnketTask.csproj", "{7FDD1726-7A93-45AA-B424-A143D9EE4755}"
EndProject
Global
	GlobalSection(SolutionConfigurationPlatforms) = preSolution
		Debug|Any CPU = Debug|Any CPU
		Release|Any CPU = Release|Any CPU
	EndGlobalSection
	GlobalSection(ProjectConfigurationPlatforms) = postSolution
		{7FDD1726-7A93-45AA-B424-A143D9EE4755}.Debug|Any CPU.ActiveCfg = Debug|Any CPU
		{7FDD1726-7A93-45AA-B424-A143D9EE4755}.Debug|Any CPU.Build.0 = Debug|Any CPU
		{7FDD1726-7A93-45AA-B424-A143D9EE4755}.Release|Any CPU.ActiveCfg = Release|Any CPU
		{7FDD1726-7A93-45AA-B424-A143D9EE4755}.Release|Any CPU.Build.0 = Release|Any CPU
	EndGlobalSection
	GlobalSection(SolutionProperties) = preSolution
		HideSolutionNode = FALSE
	EndGlobalSection
	GlobalSection(ExtensibilityGlobals) = postSolution
		SolutionGuid = {997F3375-7506-46BE-9075-6AEFBAC2F9D9}
	EndGlobalSection
EndGlobal
